
Microsoft Visual Studio Solution File, Format Version 11.00
# Visual Studio 2010
Project("{54435603-DBB4-11D2-8724-00A0C9A8B90C}") = "MahjongSetup", "MahjongSetup\MahjongSetup.vdproj", "{2548E3DE-9C4C-4605-97FE-A3931AE37473}"
EndProject
Global
	GlobalSection(DPCodeReviewSolutionGUID) = preSolution
		DPCodeReviewSolutionGUID = {00000000-0000-0000-0000-000000000000}
	EndGlobalSection
	GlobalSection(SolutionConfigurationPlatforms) = preSolution
		Debug|Default = Debug|Default
		Release|Default = Release|Default
	EndGlobalSection
	GlobalSection(ProjectConfigurationPlatforms) = postSolution
		{2548E3DE-9C4C-4605-97FE-A3931AE37473}.Debug|Default.ActiveCfg = Debug
		{2548E3DE-9C4C-4605-97FE-A3931AE37473}.Debug|Default.Build.0 = Debug
		{2548E3DE-9C4C-4605-97FE-A3931AE37473}.Release|Default.ActiveCfg = Release
		{2548E3DE-9C4C-4605-97FE-A3931AE37473}.Release|Default.Build.0 = Release
	EndGlobalSection
	GlobalSection(SolutionProperties) = preSolution
		HideSolutionNode = FALSE
	EndGlobalSection
EndGlobal
